// !$*UTF8*$!
{
	archiveVersion = 1;
	classes = {
	};
	objectVersion = 50;
	objects = {

/* Begin PBXBuildFile section */
		8BBEB6F122CE476E00066D52 /* CollectionViewCell.m in Sources */ = {isa = PBXBuildFile; fileRef = 8BBEB6F022CE476E00066D52 /* CollectionViewCell.m */; };
		8BC2DB1D22CE393700520171 /* AppDelegate.m in Sources */ = {isa = PBXBuildFile; fileRef = 8BC2DB1C22CE393700520171 /* AppDelegate.m */; };
		8BC2DB2022CE393700520171 /* ViewController.m in Sources */ = {isa = PBXBuildFile; fileRef = 8BC2DB1F22CE393700520171 /* ViewController.m */; };
		8BC2DB2322CE393700520171 /* Main.storyboard in Resources */ = {isa = PBXBuildFile; fileRef = 8BC2DB2122CE393700520171 /* Main.storyboard */; };
		8BC2DB2522CE393900520171 /* Assets.xcassets in Resources */ = {isa = PBXBuildFile; fileRef = 8BC2DB2422CE393900520171 /* Assets.xcassets */; };
		8BC2DB2822CE393900520171 /* LaunchScreen.storyboard in Resources */ = {isa = PBXBuildFile; fileRef = 8BC2DB2622CE393900520171 /* LaunchScreen.storyboard */; };
		8BC2DB2B22CE393900520171 /* main.m in Sources */ = {isa = PBXBuildFile; fileRef = 8BC2DB2A22CE393900520171 /* main.m */; };
		8BC2DB3522CE393900520171 /* GitTestTests.m in Sources */ = {isa = PBXBuildFile; fileRef = 8BC2DB3422CE393900520171 /* GitTestTests.m */; };
		8BC2DB4022CE393900520171 /* GitTestUITests.m in Sources */ = {isa = PBXBuildFile; fileRef = 8BC2DB3F22CE393900520171 /* GitTestUITests.m */; };
		8BC2DB4F22CE3C0E00520171 /* TableViewCell.m in Sources */ = {isa = PBXBuildFile; fileRef = 8BC2DB4E22CE3C0E00520171 /* TableViewCell.m */; };
/* End PBXBuildFile section */

/* Begin PBXContainerItemProxy section */
		8BC2DB3122CE393900520171 /* PBXContainerItemProxy */ = {
			isa = PBXContainerItemProxy;
			containerPortal = 8BC2DB1022CE393700520171 /* Project object */;
			proxyType = 1;
			remoteGlobalIDString = 8BC2DB1722CE393700520171;
			remoteInfo = GitTest;
		};
		8BC2DB3C22CE393900520171 /* PBXContainerItemProxy */ = {
			isa = PBXContainerItemProxy;
			containerPortal = 8BC2DB1022CE393700520171 /* Project object */;
			proxyType = 1;
			remoteGlobalIDString = 8BC2DB1722CE393700520171;
			remoteInfo = GitTest;
		};
/* End PBXContainerItemProxy section */

/* Begin PBXFileReference section */
		8BBEB6EF22CE476E00066D52 /* CollectionViewCell.h */ = {isa = PBXFileReference; lastKnownFileType = sourcecode.c.h; path = CollectionViewCell.h; sourceTree = "<group>"; };
		8BBEB6F022CE476E00066D52 /* CollectionViewCell.m */ = {isa = PBXFileReference; lastKnownFileType = sourcecode.c.objc; path = CollectionViewCell.m; sourceTree = "<group>"; };
		8BC2DB1822CE393700520171 /* GitTest.app */ = {isa = PBXFileReference; explicitFileType = wrapper.application; includeInIndex = 0; path = GitTest.app; sourceTree = BUILT_PRODUCTS_DIR; };
		8BC2DB1B22CE393700520171 /* AppDelegate.h */ = {isa = PBXFileReference; lastKnownFileType = sourcecode.c.h; path = AppDelegate.h; sourceTree = "<group>"; };
		8BC2DB1C22CE393700520171 /* AppDelegate.m */ = {isa = PBXFileReference; lastKnownFileType = sourcecode.c.objc; path = AppDelegate.m; sourceTree = "<group>"; };
		8BC2DB1E22CE393700520171 /* ViewController.h */ = {isa = PBXFileReference; lastKnownFileType = sourcecode.c.h; path = ViewController.h; sourceTree = "<group>"; };
		8BC2DB1F22CE393700520171 /* ViewController.m */ = {isa = PBXFileReference; lastKnownFileType = sourcecode.c.objc; path = ViewController.m; sourceTree = "<group>"; };
		8BC2DB2222CE393700520171 /* Base */ = {isa = PBXFileReference; lastKnownFileType = file.storyboard; name = Base; path = Base.lproj/Main.storyboard; sourceTree = "<group>"; };
		8BC2DB2422CE393900520171 /* Assets.xcassets */ = {isa = PBXFileReference; lastKnownFileType = folder.assetcatalog; path = Assets.xcassets; sourceTree = "<group>"; };
		8BC2DB2722CE393900520171 /* Base */ = {isa = PBXFileReference; lastKnownFileType = file.storyboard; name = Base; path = Base.lproj/LaunchScreen.storyboard; sourceTree = "<group>"; };
		8BC2DB2922CE393900520171 /* Info.plist */ = {isa = PBXFileReference; lastKnownFileType = text.plist.xml; path = Info.plist; sourceTree = "<group>"; };
		8BC2DB2A22CE393900520171 /* main.m */ = {isa = PBXFileReference; lastKnownFileType = sourcecode.c.objc; path = main.m; sourceTree = "<group>"; };
		8BC2DB3022CE393900520171 /* GitTestTests.xctest */ = {isa = PBXFileReference; explicitFileType = wrapper.cfbundle; includeInIndex = 0; path = GitTestTests.xctest; sourceTree = BUILT_PRODUCTS_DIR; };
		8BC2DB3422CE393900520171 /* GitTestTests.m */ = {isa = PBXFileReference; lastKnownFileType = sourcecode.c.objc; path = GitTestTests.m; sourceTree = "<group>"; };
		8BC2DB3622CE393900520171 /* Info.plist */ = {isa = PBXFileReference; lastKnownFileType = text.plist.xml; path = Info.plist; sourceTree = "<group>"; };
		8BC2DB3B22CE393900520171 /* GitTestUITests.xctest */ = {isa = PBXFileReference; explicitFileType = wrapper.cfbundle; includeInIndex = 0; path = GitTestUITests.xctest; sourceTree = BUILT_PRODUCTS_DIR; };
		8BC2DB3F22CE393900520171 /* GitTestUITests.m */ = {isa = PBXFileReference; lastKnownFileType = sourcecode.c.objc; path = GitTestUITests.m; sourceTree = "<group>"; };
		8BC2DB4122CE393900520171 /* Info.plist */ = {isa = PBXFileReference; lastKnownFileType = text.plist.xml; path = Info.plist; sourceTree = "<group>"; };
		8BC2DB4D22CE3C0D00520171 /* TableViewCell.h */ = {isa = PBXFileReference; lastKnownFileType = sourcecode.c.h; path = TableViewCell.h; sourceTree = "<group>"; };
		8BC2DB4E22CE3C0E00520171 /* TableViewCell.m */ = {isa = PBXFileReference; lastKnownFileType = sourcecode.c.objc; path = TableViewCell.m; sourceTree = "<group>"; };
/* End PBXFileReference section */

/* Begin PBXFrameworksBuildPhase section */
		8BC2DB1522CE393700520171 /* Frameworks */ = {
			isa = PBXFrameworksBuildPhase;
			buildActionMask = 2147483647;
			files = (
			);
			runOnlyForDeploymentPostprocessing = 0;
		};
		8BC2DB2D22CE393900520171 /* Frameworks */ = {
			isa = PBXFrameworksBuildPhase;
			buildActionMask = 2147483647;
			files = (
			);
			runOnlyForDeploymentPostprocessing = 0;
		};
		8BC2DB3822CE393900520171 /* Frameworks */ = {
			isa = PBXFrameworksBuildPhase;
			buildActionMask = 2147483647;
			files = (
			);
			runOnlyForDeploymentPostprocessing = 0;
		};
/* End PBXFrameworksBuildPhase section */

/* Begin PBXGroup section */
		8BC2DB0F22CE393700520171 = {
			isa = PBXGroup;
			children = (
				8BC2DB1A22CE393700520171 /* GitTest */,
				8BC2DB3322CE393900520171 /* GitTestTests */,
				8BC2DB3E22CE393900520171 /* GitTestUITests */,
				8BC2DB1922CE393700520171 /* Products */,
			);
			sourceTree = "<group>";
		};
		8BC2DB1922CE393700520171 /* Products */ = {
			isa = PBXGroup;
			children = (
				8BC2DB1822CE393700520171 /* GitTest.app */,
				8BC2DB3022CE393900520171 /* GitTestTests.xctest */,
				8BC2DB3B22CE393900520171 /* GitTestUITests.xctest */,
			);
			name = Products;
			sourceTree = "<group>";
		};
		8BC2DB1A22CE393700520171 /* GitTest */ = {
			isa = PBXGroup;
			children = (
				8BC2DB1B22CE393700520171 /* AppDelegate.h */,
				8BC2DB1C22CE393700520171 /* AppDelegate.m */,
				8BC2DB1E22CE393700520171 /* ViewController.h */,
				8BC2DB1F22CE393700520171 /* ViewController.m */,
				8BC2DB4D22CE3C0D00520171 /* TableViewCell.h */,
				8BC2DB4E22CE3C0E00520171 /* TableViewCell.m */,
				8BBEB6EF22CE476E00066D52 /* CollectionViewCell.h */,
				8BBEB6F022CE476E00066D52 /* CollectionViewCell.m */,
				8BC2DB2122CE393700520171 /* Main.storyboard */,
				8BC2DB2422CE393900520171 /* Assets.xcassets */,
				8BC2DB2622CE393900520171 /* LaunchScreen.storyboard */,
				8BC2DB2922CE393900520171 /* Info.plist */,
				8BC2DB2A22CE393900520171 /* main.m */,
			);
			path = GitTest;
			sourceTree = "<group>";
		};
		8BC2DB3322CE393900520171 /* GitTestTests */ = {
			isa = PBXGroup;
			children = (
				8BC2DB3422CE393900520171 /* GitTestTests.m */,
				8BC2DB3622CE393900520171 /* Info.plist */,
			);
			path = GitTestTests;
			sourceTree = "<group>";
		};
		8BC2DB3E22CE393900520171 /* GitTestUITests */ = {
			isa = PBXGroup;
			children = (
				8BC2DB3F22CE393900520171 /* GitTestUITests.m */,
				8BC2DB4122CE393900520171 /* Info.plist */,
			);
			path = GitTestUITests;
			sourceTree = "<group>";
		};
/* End PBXGroup section */

/* Begin PBXNativeTarget section */
		8BC2DB1722CE393700520171 /* GitTest */ = {
			isa = PBXNativeTarget;
			buildConfigurationList = 8BC2DB4422CE393900520171 /* Build configuration list for PBXNativeTarget "GitTest" */;
			buildPhases = (
				8BC2DB1422CE393700520171 /* Sources */,
				8BC2DB1522CE393700520171 /* Frameworks */,
				8BC2DB1622CE393700520171 /* Resources */,
			);
			buildRules = (
			);
			dependencies = (
			);
			name = GitTest;
			productName = GitTest;
			productReference = 8BC2DB1822CE393700520171 /* GitTest.app */;
			productType = "com.apple.product-type.application";
		};
		8BC2DB2F22CE393900520171 /* GitTestTests */ = {
			isa = PBXNativeTarget;
			buildConfigurationList = 8BC2DB4722CE393900520171 /* Build configuration list for PBXNativeTarget "GitTestTests" */;
			buildPhases = (
				8BC2DB2C22CE393900520171 /* Sources */,
				8BC2DB2D22CE393900520171 /* Frameworks */,
				8BC2DB2E22CE393900520171 /* Resources */,
			);
			buildRules = (
			);
			dependencies = (
				8BC2DB3222CE393900520171 /* PBXTargetDependency */,
			);
			name = GitTestTests;
			productName = GitTestTests;
			productReference = 8BC2DB3022CE393900520171 /* GitTestTests.xctest */;
			productType = "com.apple.product-type.bundle.unit-test";
		};
		8BC2DB3A22CE393900520171 /* GitTestUITests */ = {
			isa = PBXNativeTarget;
			buildConfigurationList = 8BC2DB4A22CE393900520171 /* Build configuration list for PBXNativeTarget "GitTestUITests" */;
			buildPhases = (
				8BC2DB3722CE393900520171 /* Sources */,
				8BC2DB3822CE393900520171 /* Frameworks */,
				8BC2DB3922CE393900520171 /* Resources */,
			);
			buildRules = (
			);
			dependencies = (
				8BC2DB3D22CE393900520171 /* PBXTargetDependency */,
			);
			name = GitTestUITests;
			productName = GitTestUITests;
			productReference = 8BC2DB3B22CE393900520171 /* GitTestUITests.xctest */;
			productType = "com.apple.product-type.bundle.ui-testing";
		};
/* End PBXNativeTarget section */

/* Begin PBXProject section */
		8BC2DB1022CE393700520171 /* Project object */ = {
			isa = PBXProject;
			attributes = {
				LastUpgradeCheck = 1010;
				ORGANIZATIONNAME = GeHanNetWork;
				TargetAttributes = {
					8BC2DB1722CE393700520171 = {
						CreatedOnToolsVersion = 10.1;
					};
					8BC2DB2F22CE393900520171 = {
						CreatedOnToolsVersion = 10.1;
						TestTargetID = 8BC2DB1722CE393700520171;
					};
					8BC2DB3A22CE393900520171 = {
						CreatedOnToolsVersion = 10.1;
						TestTargetID = 8BC2DB1722CE393700520171;
					};
				};
			};
			buildConfigurationList = 8BC2DB1322CE393700520171 /* Build configuration list for PBXProject "GitTest" */;
			compatibilityVersion = "Xcode 9.3";
			developmentRegion = en;
			hasScannedForEncodings = 0;
			knownRegions = (
				en,
				Base,
			);
			mainGroup = 8BC2DB0F22CE393700520171;
			productRefGroup = 8BC2DB1922CE393700520171 /* Products */;
			projectDirPath = "";
			projectRoot = "";
			targets = (
				8BC2DB1722CE393700520171 /* GitTest */,
				8BC2DB2F22CE393900520171 /* GitTestTests */,
				8BC2DB3A22CE393900520171 /* GitTestUITests */,
			);
		};
/* End PBXProject section */

/* Begin PBXResourcesBuildPhase section */
		8BC2DB1622CE393700520171 /* Resources */ = {
			isa = PBXResourcesBuildPhase;
			buildActionMask = 2147483647;
			files = (
				8BC2DB2822CE393900520171 /* LaunchScreen.storyboard in Resources */,
				8BC2DB2522CE393900520171 /* Assets.xcassets in Resources */,
				8BC2DB2322CE393700520171 /* Main.storyboard in Resources */,
			);
			runOnlyForDeploymentPostprocessing = 0;
		};
		8BC2DB2E22CE393900520171 /* Resources */ = {
			isa = PBXResourcesBuildPhase;
			buildActionMask = 2147483647;
			files = (
			);
			runOnlyForDeploymentPostprocessing = 0;
		};
		8BC2DB3922CE393900520171 /* Resources */ = {
			isa = PBXResourcesBuildPhase;
			buildActionMask = 2147483647;
			files = (
			);
			runOnlyForDeploymentPostprocessing = 0;
		};
/* End PBXResourcesBuildPhase section */

/* Begin PBXSourcesBuildPhase section */
		8BC2DB1422CE393700520171 /* Sources */ = {
			isa = PBXSourcesBuildPhase;
			buildActionMask = 2147483647;
			files = (
				8BC2DB2022CE393700520171 /* ViewController.m in Sources */,
				8BBEB6F122CE476E00066D52 /* CollectionViewCell.m in Sources */,
				8BC2DB4F22CE3C0E00520171 /* TableViewCell.m in Sources */,
				8BC2DB2B22CE393900520171 /* main.m in Sources */,
				8BC2DB1D22CE393700520171 /* AppDelegate.m in Sources */,
			);
			runOnlyForDeploymentPostprocessing = 0;
		};
		8BC2DB2C22CE393900520171 /* Sources */ = {
			isa = PBXSourcesBuildPhase;
			buildActionMask = 2147483647;
			files = (
				8BC2DB3522CE393900520171 /* GitTestTests.m in Sources */,
			);
			runOnlyForDeploymentPostprocessing = 0;
		};
		8BC2DB3722CE393900520171 /* Sources */ = {
			isa = PBXSourcesBuildPhase;
			buildActionMask = 2147483647;
			files = (
				8BC2DB4022CE393900520171 /* GitTestUITests.m in Sources */,
			);
			runOnlyForDeploymentPostprocessing = 0;
		};
/* End PBXSourcesBuildPhase section */

/* Begin PBXTargetDependency section */
		8BC2DB3222CE393900520171 /* PBXTargetDependency */ = {
			isa = PBXTargetDependency;
			target = 8BC2DB1722CE393700520171 /* GitTest */;
			targetProxy = 8BC2DB3122CE393900520171 /* PBXContainerItemProxy */;
		};
		8BC2DB3D22CE393900520171 /* PBXTargetDependency */ = {
			isa = PBXTargetDependency;
			target = 8BC2DB1722CE393700520171 /* GitTest */;
			targetProxy = 8BC2DB3C22CE393900520171 /* PBXContainerItemProxy */;
		};
/* End PBXTargetDependency section */

/* Begin PBXVariantGroup section */
		8BC2DB2122CE393700520171 /* Main.storyboard */ = {
			isa = PBXVariantGroup;
			children = (
				8BC2DB2222CE393700520171 /* Base */,
			);
			name = Main.storyboard;
			sourceTree = "<group>";
		};
		8BC2DB2622CE393900520171 /* LaunchScreen.storyboard */ = {
			isa = PBXVariantGroup;
			children = (
				8BC2DB2722CE393900520171 /* Base */,
			);
			name = LaunchScreen.storyboard;
			sourceTree = "<group>";
		};
/* End PBXVariantGroup section */

/* Begin XCBuildConfiguration section */
		8BC2DB4222CE393900520171 /* Debug */ = {
			isa = XCBuildConfiguration;
			buildSettings = {
				ALWAYS_SEARCH_USER_PATHS = NO;
				CLANG_ANALYZER_NONNULL = YES;
				CLANG_ANALYZER_NUMBER_OBJECT_CONVERSION = YES_AGGRESSIVE;
				CLANG_CXX_LANGUAGE_STANDARD = "gnu++14";
				CLANG_CXX_LIBRARY = "libc++";
				CLANG_ENABLE_MODULES = YES;
				CLANG_ENABLE_OBJC_ARC = YES;
				CLANG_ENABLE_OBJC_WEAK = YES;
				CLANG_WARN_BLOCK_CAPTURE_AUTORELEASING = YES;
				CLANG_WARN_BOOL_CONVERSION = YES;
				CLANG_WARN_COMMA = YES;
				CLANG_WARN_CONSTANT_CONVERSION = YES;
				CLANG_WARN_DEPRECATED_OBJC_IMPLEMENTATIONS = YES;
				CLANG_WARN_DIRECT_OBJC_ISA_USAGE = YES_ERROR;
				CLANG_WARN_DOCUMENTATION_COMMENTS = YES;
				CLANG_WARN_EMPTY_BODY = YES;
				CLANG_WARN_ENUM_CONVERSION = YES;
				CLANG_WARN_INFINITE_RECURSION = YES;
				CLANG_WARN_INT_CONVERSION = YES;
				CLANG_WARN_NON_LITERAL_NULL_CONVERSION = YES;
				CLANG_WARN_OBJC_IMPLICIT_RETAIN_SELF = YES;
				CLANG_WARN_OBJC_LITERAL_CONVERSION = YES;
				CLANG_WARN_OBJC_ROOT_CLASS = YES_ERROR;
				CLANG_WARN_RANGE_LOOP_ANALYSIS = YES;
				CLANG_WARN_STRICT_PROTOTYPES = YES;
				CLANG_WARN_SUSPICIOUS_MOVE = YES;
				CLANG_WARN_UNGUARDED_AVAILABILITY = YES_AGGRESSIVE;
				CLANG_WARN_UNREACHABLE_CODE = YES;
				CLANG_WARN__DUPLICATE_METHOD_MATCH = YES;
				CODE_SIGN_IDENTITY = "iPhone Developer";
				COPY_PHASE_STRIP = NO;
				DEBUG_INFORMATION_FORMAT = dwarf;
				ENABLE_STRICT_OBJC_MSGSEND = YES;
				ENABLE_TESTABILITY = YES;
				GCC_C_LANGUAGE_STANDARD = gnu11;
				GCC_DYNAMIC_NO_PIC = NO;
				GCC_NO_COMMON_BLOCKS = YES;
				GCC_OPTIMIZATION_LEVEL = 0;
				GCC_PREPROCESSOR_DEFINITIONS = (
					"DEBUG=1",
					"$(inherited)",
				);
				GCC_WARN_64_TO_32_BIT_CONVERSION = YES;
				GCC_WARN_ABOUT_RETURN_TYPE = YES_ERROR;
				GCC_WARN_UNDECLARED_SELECTOR = YES;
				GCC_WARN_UNINITIALIZED_AUTOS = YES_AGGRESSIVE;
				GCC_WARN_UNUSED_FUNCTION = YES;
				GCC_WARN_UNUSED_VARIABLE = YES;
				IPHONEOS_DEPLOYMENT_TARGET = 12.1;
				MTL_ENABLE_DEBUG_INFO = INCLUDE_SOURCE;
				MTL_FAST_MATH = YES;
				ONLY_ACTIVE_ARCH = YES;
				SDKROOT = iphoneos;
			};
			name = Debug;
		};
		8BC2DB4322CE393900520171 /* Release */ = {
			isa = XCBuildConfiguration;
			buildSettings = {
				ALWAYS_SEARCH_USER_PATHS = NO;
				CLANG_ANALYZER_NONNULL = YES;
				CLANG_ANALYZER_NUMBER_OBJECT_CONVERSION = YES_AGGRESSIVE;
				CLANG_CXX_LANGUAGE_STANDARD = "gnu++14";
				CLANG_CXX_LIBRARY = "libc++";
				CLANG_ENABLE_MODULES = YES;
				CLANG_ENABLE_OBJC_ARC = YES;
				CLANG_ENABLE_OBJC_WEAK = YES;
				CLANG_WARN_BLOCK_CAPTURE_AUTORELEASING = YES;
				CLANG_WARN_BOOL_CONVERSION = YES;
				CLANG_WARN_COMMA = YES;
				CLANG_WARN_CONSTANT_CONVERSION = YES;
				CLANG_WARN_DEPRECATED_OBJC_IMPLEMENTATIONS = YES;
				CLANG_WARN_DIRECT_OBJC_ISA_USAGE = YES_ERROR;
				CLANG_WARN_DOCUMENTATION_COMMENTS = YES;
				CLANG_WARN_EMPTY_BODY = YES;
				CLANG_WARN_ENUM_CONVERSION = YES;
				CLANG_WARN_INFINITE_RECURSION = YES;
				CLANG_WARN_INT_CONVERSION = YES;
				CLANG_WARN_NON_LITERAL_NULL_CONVERSION = YES;
				CLANG_WARN_OBJC_IMPLICIT_RETAIN_SELF = YES;
				CLANG_WARN_OBJC_LITERAL_CONVERSION = YES;
				CLANG_WARN_OBJC_ROOT_CLASS = YES_ERROR;
				CLANG_WARN_RANGE_LOOP_ANALYSIS = YES;
				CLANG_WARN_STRICT_PROTOTYPES = YES;
				CLANG_WARN_SUSPICIOUS_MOVE = YES;
				CLANG_WARN_UNGUARDED_AVAILABILITY = YES_AGGRESSIVE;
				CLANG_WARN_UNREACHABLE_CODE = YES;
				CLANG_WARN__DUPLICATE_METHOD_MATCH = YES;
				CODE_SIGN_IDENTITY = "iPhone Developer";
				COPY_PHASE_STRIP = NO;
				DEBUG_INFORMATION_FORMAT = "dwarf-with-dsym";
				ENABLE_NS_ASSERTIONS = NO;
				ENABLE_STRICT_OBJC_MSGSEND = YES;
				GCC_C_LANGUAGE_STANDARD = gnu11;
				GCC_NO_COMMON_BLOCKS = YES;
				GCC_WARN_64_TO_32_BIT_CONVERSION = YES;
				GCC_WARN_ABOUT_RETURN_TYPE = YES_ERROR;
				GCC_WARN_UNDECLARED_SELECTOR = YES;
				GCC_WARN_UNINITIALIZED_AUTOS = YES_AGGRESSIVE;
				GCC_WARN_UNUSED_FUNCTION = YES;
				GCC_WARN_UNUSED_VARIABLE = YES;
				IPHONEOS_DEPLOYMENT_TARGET = 12.1;
				MTL_ENABLE_DEBUG_INFO = NO;
				MTL_FAST_MATH = YES;
				SDKROOT = iphoneos;
				VALIDATE_PRODUCT = YES;
			};
			name = Release;
		};
		8BC2DB4522CE393900520171 /* Debug */ = {
			isa = XCBuildConfiguration;
			buildSettings = {
				ASSETCATALOG_COMPILER_APPICON_NAME = AppIcon;
				CODE_SIGN_STYLE = Automatic;
				INFOPLIST_FILE = GitTest/Info.plist;
				LD_RUNPATH_SEARCH_PATHS = (
					"$(inherited)",
					"@executable_path/Frameworks",
				);
				PRODUCT_BUNDLE_IDENTIFIER = com.lhy.Application.GitTest;
				PRODUCT_NAME = "$(TARGET_NAME)";
				TARGETED_DEVICE_FAMILY = "1,2";
			};
			name = Debug;
		};
		8BC2DB4622CE393900520171 /* Release */ = {
			isa = XCBuildConfiguration;
			buildSettings = {
				ASSETCATALOG_COMPILER_APPICON_NAME = AppIcon;
				CODE_SIGN_STYLE = Automatic;
				INFOPLIST_FILE = GitTest/Info.plist;
				LD_RUNPATH_SEARCH_PATHS = (
					"$(inherited)",
					"@executable_path/Frameworks",
				);
				PRODUCT_BUNDLE_IDENTIFIER = com.lhy.Application.GitTest;
				PRODUCT_NAME = "$(TARGET_NAME)";
				TARGETED_DEVICE_FAMILY = "1,2";
			};
			name = Release;
		};
		8BC2DB4822CE393900520171 /* Debug */ = {
			isa = XCBuildConfiguration;
			buildSettings = {
				BUNDLE_LOADER = "$(TEST_HOST)";
				CODE_SIGN_STYLE = Automatic;
				INFOPLIST_FILE = GitTestTests/Info.plist;
				LD_RUNPATH_SEARCH_PATHS = (
					"$(inherited)",
					"@executable_path/Frameworks",
					"@loader_path/Frameworks",
				);
				PRODUCT_BUNDLE_IDENTIFIER = com.lhy.Application.GitTestTests;
				PRODUCT_NAME = "$(TARGET_NAME)";
				TARGETED_DEVICE_FAMILY = "1,2";
				TEST_HOST = "$(BUILT_PRODUCTS_DIR)/GitTest.app/GitTest";
			};
			name = Debug;
		};
		8BC2DB4922CE393900520171 /* Release */ = {
			isa = XCBuildConfiguration;
			buildSettings = {
				BUNDLE_LOADER = "$(TEST_HOST)";
				CODE_SIGN_STYLE = Automatic;
				INFOPLIST_FILE = GitTestTests/Info.plist;
				LD_RUNPATH_SEARCH_PATHS = (
					"$(inherited)",
					"@executable_path/Frameworks",
					"@loader_path/Frameworks",
				);
				PRODUCT_BUNDLE_IDENTIFIER = com.lhy.Application.GitTestTests;
				PRODUCT_NAME = "$(TARGET_NAME)";
				TARGETED_DEVICE_FAMILY = "1,2";
				TEST_HOST = "$(BUILT_PRODUCTS_DIR)/GitTest.app/GitTest";
			};
			name = Release;
		};
		8BC2DB4B22CE393900520171 /* Debug */ = {
			isa = XCBuildConfiguration;
			buildSettings = {
				CODE_SIGN_STYLE = Automatic;
				INFOPLIST_FILE = GitTestUITests/Info.plist;
				LD_RUNPATH_SEARCH_PATHS = (
					"$(inherited)",
					"@executable_path/Frameworks",
					"@loader_path/Frameworks",
				);
				PRODUCT_BUNDLE_IDENTIFIER = com.lhy.Application.GitTestUITests;
				PRODUCT_NAME = "$(TARGET_NAME)";
				TARGETED_DEVICE_FAMILY = "1,2";
				TEST_TARGET_NAME = GitTest;
			};
			name = Debug;
		};
		8BC2DB4C22CE393900520171 /* Release */ = {
			isa = XCBuildConfiguration;
			buildSettings = {
				CODE_SIGN_STYLE = Automatic;
				INFOPLIST_FILE = GitTestUITests/Info.plist;
				LD_RUNPATH_SEARCH_PATHS = (
					"$(inherited)",
					"@executable_path/Frameworks",
					"@loader_path/Frameworks",
				);
				PRODUCT_BUNDLE_IDENTIFIER = com.lhy.Application.GitTestUITests;
				PRODUCT_NAME = "$(TARGET_NAME)";
				TARGETED_DEVICE_FAMILY = "1,2";
				TEST_TARGET_NAME = GitTest;
			};
			name = Release;
		};
/* End XCBuildConfiguration section */

/* Begin XCConfigurationList section */
		8BC2DB1322CE393700520171 /* Build configuration list for PBXProject "GitTest" */ = {
			isa = XCConfigurationList;
			buildConfigurations = (
				8BC2DB4222CE393900520171 /* Debug */,
				8BC2DB4322CE393900520171 /* Release */,
			);
			defaultConfigurationIsVisible = 0;
			defaultConfigurationName = Release;
		};
		8BC2DB4422CE393900520171 /* Build configuration list for PBXNativeTarget "GitTest" */ = {
			isa = XCConfigurationList;
			buildConfigurations = (
				8BC2DB4522CE393900520171 /* Debug */,
				8BC2DB4622CE393900520171 /* Release */,
			);
			defaultConfigurationIsVisible = 0;
			defaultConfigurationName = Release;
		};
		8BC2DB4722CE393900520171 /* Build configuration list for PBXNativeTarget "GitTestTests" */ = {
			isa = XCConfigurationList;
			buildConfigurations = (
				8BC2DB4822CE393900520171 /* Debug */,
				8BC2DB4922CE393900520171 /* Release */,
			);
			defaultConfigurationIsVisible = 0;
			defaultConfigurationName = Release;
		};
		8BC2DB4A22CE393900520171 /* Build configuration list for PBXNativeTarget "GitTestUITests" */ = {
			isa = XCConfigurationList;
			buildConfigurations = (
				8BC2DB4B22CE393900520171 /* Debug */,
				8BC2DB4C22CE393900520171 /* Release */,
			);
			defaultConfigurationIsVisible = 0;
			defaultConfigurationName = Release;
		};
/* End XCConfigurationList section */
	};
	rootObject = 8BC2DB1022CE393700520171 /* Project object */;
}
